
Microsoft Visual Studio Solution File, Format Version 12.00
# Visual Studio Version 18
VisualStudioVersion = 18.0.11018.127
MinimumVisualStudioVersion = 10.0.40219.1
Project("{2150E333-8FDC-42A3-9474-1A3956D46DE8}") = "src", "src", "{A1B2C3D4-E5F6-7890-ABCD-EF1234567890}"
EndProject
Project("{2150E333-8FDC-42A3-9474-1A3956D46DE8}") = "apps", "apps", "{B2C3D4E5-F6A7-8901-BCDE-F12345678901}"
EndProject
Project("{2150E333-8FDC-42A3-9474-1A3956D46DE8}") = "tests", "tests", "{62553A79-2DF3-4A51-8A5C-6F1331324D97}"
EndProject
Project("{2150E333-8FDC-42A3-9474-1A3956D46DE8}") = "Solution Items", "Solution Items", "{1DDEF4CB-67C7-4BC2-BFAF-4CA835C4F409}"
	ProjectSection(SolutionItems) = preProject
		.editorconfig = .editorconfig
	EndProjectSection
EndProject
Project("{FAE04EC0-301F-11D3-BF4B-00C04F79EFBC}") = "FluNET", "src\FluNet.Engine\FluNET.csproj", "{8D12F12D-8881-4861-8C32-BC60DC9F720B}"
EndProject
Project("{FAE04EC0-301F-11D3-BF4B-00C04F79EFBC}") = "FluNET.CLI", "src\FluNET.CLI\FluNET.CLI.csproj", "{2B7C9EAA-A500-437F-9E9F-93F924CD97EA}"
EndProject
Project("{FAE04EC0-301F-11D3-BF4B-00C04F79EFBC}") = "FluNET.Tests", "tests\FluNET.Tests\FluNET.Tests.csproj", "{EFE4823D-21F8-4D60-896C-68CF803A0CD6}"
EndProject
Project("{FAE04EC0-301F-11D3-BF4B-00C04F79EFBC}") = "FluNET.IntegrationTests", "tests\FluNET.IntegrationTests\FluNET.IntegrationTests.csproj", "{A9919BD7-19A8-43A1-AFD1-C0593970E1A4}"
EndProject
Project("{2150E333-8FDC-42A3-9474-1A3956D46DE8}") = "FluNet.Engine", "FluNet.Engine", "{B964C8F2-A4B9-96E2-7A9C-CAFE56919E85}"
EndProject
Project("{FAE04EC0-301F-11D3-BF4B-00C04F79EFBC}") = "FluNET.TestWebServer", "src\FluNET.TestWebServer\FluNET.TestWebServer.csproj", "{5DF9B4DB-2858-4E53-9C43-234156BF78D9}"
EndProject
Global
	GlobalSection(SolutionConfigurationPlatforms) = preSolution
		Debug|Any CPU = Debug|Any CPU
		Debug|x64 = Debug|x64
		Debug|x86 = Debug|x86
		Release|Any CPU = Release|Any CPU
		Release|x64 = Release|x64
		Release|x86 = Release|x86
	EndGlobalSection
	GlobalSection(ProjectConfigurationPlatforms) = postSolution
		{8D12F12D-8881-4861-8C32-BC60DC9F720B}.Debug|Any CPU.ActiveCfg = Debug|Any CPU
		{8D12F12D-8881-4861-8C32-BC60DC9F720B}.Debug|Any CPU.Build.0 = Debug|Any CPU
		{8D12F12D-8881-4861-8C32-BC60DC9F720B}.Debug|x64.ActiveCfg = Debug|Any CPU
		{8D12F12D-8881-4861-8C32-BC60DC9F720B}.Debug|x64.Build.0 = Debug|Any CPU
		{8D12F12D-8881-4861-8C32-BC60DC9F720B}.Debug|x86.ActiveCfg = Debug|Any CPU
		{8D12F12D-8881-4861-8C32-BC60DC9F720B}.Debug|x86.Build.0 = Debug|Any CPU
		{8D12F12D-8881-4861-8C32-BC60DC9F720B}.Release|Any CPU.ActiveCfg = Release|Any CPU
		{8D12F12D-8881-4861-8C32-BC60DC9F720B}.Release|Any CPU.Build.0 = Release|Any CPU
		{8D12F12D-8881-4861-8C32-BC60DC9F720B}.Release|x64.ActiveCfg = Release|Any CPU
		{8D12F12D-8881-4861-8C32-BC60DC9F720B}.Release|x64.Build.0 = Release|Any CPU
		{8D12F12D-8881-4861-8C32-BC60DC9F720B}.Release|x86.ActiveCfg = Release|Any CPU
		{8D12F12D-8881-4861-8C32-BC60DC9F720B}.Release|x86.Build.0 = Release|Any CPU
		{2B7C9EAA-A500-437F-9E9F-93F924CD97EA}.Debug|Any CPU.ActiveCfg = Debug|Any CPU
		{2B7C9EAA-A500-437F-9E9F-93F924CD97EA}.Debug|Any CPU.Build.0 = Debug|Any CPU
		{2B7C9EAA-A500-437F-9E9F-93F924CD97EA}.Debug|x64.ActiveCfg = Debug|Any CPU
		{2B7C9EAA-A500-437F-9E9F-93F924CD97EA}.Debug|x64.Build.0 = Debug|Any CPU
		{2B7C9EAA-A500-437F-9E9F-93F924CD97EA}.Debug|x86.ActiveCfg = Debug|Any CPU
		{2B7C9EAA-A500-437F-9E9F-93F924CD97EA}.Debug|x86.Build.0 = Debug|Any CPU
		{2B7C9EAA-A500-437F-9E9F-93F924CD97EA}.Release|Any CPU.ActiveCfg = Release|Any CPU
		{2B7C9EAA-A500-437F-9E9F-93F924CD97EA}.Release|Any CPU.Build.0 = Release|Any CPU
		{2B7C9EAA-A500-437F-9E9F-93F924CD97EA}.Release|x64.ActiveCfg = Release|Any CPU
		{2B7C9EAA-A500-437F-9E9F-93F924CD97EA}.Release|x64.Build.0 = Release|Any CPU
		{2B7C9EAA-A500-437F-9E9F-93F924CD97EA}.Release|x86.ActiveCfg = Release|Any CPU
		{2B7C9EAA-A500-437F-9E9F-93F924CD97EA}.Release|x86.Build.0 = Release|Any CPU
		{EFE4823D-21F8-4D60-896C-68CF803A0CD6}.Debug|Any CPU.ActiveCfg = Debug|Any CPU
		{EFE4823D-21F8-4D60-896C-68CF803A0CD6}.Debug|Any CPU.Build.0 = Debug|Any CPU
		{EFE4823D-21F8-4D60-896C-68CF803A0CD6}.Debug|x64.ActiveCfg = Debug|Any CPU
		{EFE4823D-21F8-4D60-896C-68CF803A0CD6}.Debug|x64.Build.0 = Debug|Any CPU
		{EFE4823D-21F8-4D60-896C-68CF803A0CD6}.Debug|x86.ActiveCfg = Debug|Any CPU
		{EFE4823D-21F8-4D60-896C-68CF803A0CD6}.Debug|x86.Build.0 = Debug|Any CPU
		{EFE4823D-21F8-4D60-896C-68CF803A0CD6}.Release|Any CPU.ActiveCfg = Release|Any CPU
		{EFE4823D-21F8-4D60-896C-68CF803A0CD6}.Release|Any CPU.Build.0 = Release|Any CPU
		{EFE4823D-21F8-4D60-896C-68CF803A0CD6}.Release|x64.ActiveCfg = Release|Any CPU
		{EFE4823D-21F8-4D60-896C-68CF803A0CD6}.Release|x64.Build.0 = Release|Any CPU
		{EFE4823D-21F8-4D60-896C-68CF803A0CD6}.Release|x86.ActiveCfg = Release|Any CPU
		{EFE4823D-21F8-4D60-896C-68CF803A0CD6}.Release|x86.Build.0 = Release|Any CPU
		{A9919BD7-19A8-43A1-AFD1-C0593970E1A4}.Debug|Any CPU.ActiveCfg = Debug|Any CPU
		{A9919BD7-19A8-43A1-AFD1-C0593970E1A4}.Debug|Any CPU.Build.0 = Debug|Any CPU
		{A9919BD7-19A8-43A1-AFD1-C0593970E1A4}.Debug|x64.ActiveCfg = Debug|Any CPU
		{A9919BD7-19A8-43A1-AFD1-C0593970E1A4}.Debug|x64.Build.0 = Debug|Any CPU
		{A9919BD7-19A8-43A1-AFD1-C0593970E1A4}.Debug|x86.ActiveCfg = Debug|Any CPU
		{A9919BD7-19A8-43A1-AFD1-C0593970E1A4}.Debug|x86.Build.0 = Debug|Any CPU
		{A9919BD7-19A8-43A1-AFD1-C0593970E1A4}.Release|Any CPU.ActiveCfg = Release|Any CPU
		{A9919BD7-19A8-43A1-AFD1-C0593970E1A4}.Release|Any CPU.Build.0 = Release|Any CPU
		{A9919BD7-19A8-43A1-AFD1-C0593970E1A4}.Release|x64.ActiveCfg = Release|Any CPU
		{A9919BD7-19A8-43A1-AFD1-C0593970E1A4}.Release|x64.Build.0 = Release|Any CPU
		{A9919BD7-19A8-43A1-AFD1-C0593970E1A4}.Release|x86.ActiveCfg = Release|Any CPU
		{A9919BD7-19A8-43A1-AFD1-C0593970E1A4}.Release|x86.Build.0 = Release|Any CPU
		{5DF9B4DB-2858-4E53-9C43-234156BF78D9}.Debug|Any CPU.ActiveCfg = Debug|Any CPU
		{5DF9B4DB-2858-4E53-9C43-234156BF78D9}.Debug|Any CPU.Build.0 = Debug|Any CPU
		{5DF9B4DB-2858-4E53-9C43-234156BF78D9}.Debug|x64.ActiveCfg = Debug|Any CPU
		{5DF9B4DB-2858-4E53-9C43-234156BF78D9}.Debug|x64.Build.0 = Debug|Any CPU
		{5DF9B4DB-2858-4E53-9C43-234156BF78D9}.Debug|x86.ActiveCfg = Debug|Any CPU
		{5DF9B4DB-2858-4E53-9C43-234156BF78D9}.Debug|x86.Build.0 = Debug|Any CPU
		{5DF9B4DB-2858-4E53-9C43-234156BF78D9}.Release|Any CPU.ActiveCfg = Release|Any CPU
		{5DF9B4DB-2858-4E53-9C43-234156BF78D9}.Release|Any CPU.Build.0 = Release|Any CPU
		{5DF9B4DB-2858-4E53-9C43-234156BF78D9}.Release|x64.ActiveCfg = Release|Any CPU
		{5DF9B4DB-2858-4E53-9C43-234156BF78D9}.Release|x64.Build.0 = Release|Any CPU
		{5DF9B4DB-2858-4E53-9C43-234156BF78D9}.Release|x86.ActiveCfg = Release|Any CPU
		{5DF9B4DB-2858-4E53-9C43-234156BF78D9}.Release|x86.Build.0 = Release|Any CPU
	EndGlobalSection
	GlobalSection(SolutionProperties) = preSolution
		HideSolutionNode = FALSE
	EndGlobalSection
	GlobalSection(NestedProjects) = preSolution
		{8D12F12D-8881-4861-8C32-BC60DC9F720B} = {A1B2C3D4-E5F6-7890-ABCD-EF1234567890}
		{2B7C9EAA-A500-437F-9E9F-93F924CD97EA} = {B2C3D4E5-F6A7-8901-BCDE-F12345678901}
		{EFE4823D-21F8-4D60-896C-68CF803A0CD6} = {62553A79-2DF3-4A51-8A5C-6F1331324D97}
		{A9919BD7-19A8-43A1-AFD1-C0593970E1A4} = {62553A79-2DF3-4A51-8A5C-6F1331324D97}
		{B964C8F2-A4B9-96E2-7A9C-CAFE56919E85} = {A1B2C3D4-E5F6-7890-ABCD-EF1234567890}
		{5DF9B4DB-2858-4E53-9C43-234156BF78D9} = {A1B2C3D4-E5F6-7890-ABCD-EF1234567890}
	EndGlobalSection
	GlobalSection(ExtensibilityGlobals) = postSolution
		SolutionGuid = {5D07DA40-1B7F-409F-A92E-3C360EBCE8AD}
	EndGlobalSection
EndGlobal
